{
  "name": "@typescript_test_codegen/caller",
  "version": "0.0.1",
  "lockfileVersion": 3,
  "requires": true,
  "packages": {
    "": {
      "name": "@typescript_test_codegen/caller",
      "version": "0.0.1",
      "dependencies": {
        "sync-child-process": "^1.0.2",
        "synchronous-socket": "github:leonpuchinger/synchronous-socket#feat-n-api"
      }
    },
    "node_modules/sync-child-process": {
      "version": "1.0.2",
      "resolved": "https://registry.npmjs.org/sync-child-process/-/sync-child-process-1.0.2.tgz",
      "integrity": "sha512-8lD+t2KrrScJ/7KXCSyfhT3/hRq78rC0wBFqNJXv3mZyn6hW2ypM05JmlSvtqRbeq6jqA94oHbxAr2vYsJ8vDA==",
      "license": "MIT",
      "dependencies": {
        "sync-message-port": "^1.0.0"
      },
      "engines": {
        "node": ">=16.0.0"
      }
    },
    "node_modules/sync-message-port": {
      "version": "1.2.0",
      "resolved": "https://registry.npmjs.org/sync-message-port/-/sync-message-port-1.2.0.tgz",
      "integrity": "sha512-gAQ9qrUN/UCypHtGFbbe7Rc/f9bzO88IwrG8TDo/aMKAApKyD6E3W4Cm0EfhfBb6Z6SKt59tTCTfD+n1xmAvMg==",
      "license": "MIT",
      "engines": {
        "node": ">=16.0.0"
      }
    },
    "node_modules/synchronous-socket": {
      "version": "0.0.2",
      "resolved": "git+ssh://git@github.com/leonpuchinger/synchronous-socket.git#82c48aef4e83d53b852e3a6ae0de29850f22acd6",
      "hasInstallScript": true,
      "license": "BSD-3-Clause"
    }
  }
}
