{
  "name": "@typescript_test_codegen/callee",
  "version": "0.0.1",
  "lockfileVersion": 3,
  "requires": true,
  "packages": {
    "": {
      "name": "@typescript_test_codegen/callee",
      "version": "0.0.1",
      "dependencies": {
        "synchronous-socket": "github:leonpuchinger/synchronous-socket#feat-n-api"
      },
      "devDependencies": {}
    },
    "node_modules/synchronous-socket": {
      "version": "0.0.2",
      "resolved": "git+ssh://git@github.com/leonpuchinger/synchronous-socket.git#82c48aef4e83d53b852e3a6ae0de29850f22acd6",
      "hasInstallScript": true,
      "license": "BSD-3-Clause"
    }
  }
}
